{
  "name": "multi-application-destroy",
  "version": "1.0.0",
  "lockfileVersion": 2,
  "requires": true,
  "packages": {
    "": {
      "name": "multi-application-destroy",
      "version": "1.0.0",
      "license": "ISC",
      "dependencies": {
        "@playcanvas/canvas-mock": "^1.0.1",
        "playcanvas": "^1.52.4"
      }
    },
    "node_modules/@playcanvas/canvas-mock": {
      "version": "1.0.1",
      "resolved": "https://registry.npmjs.org/@playcanvas/canvas-mock/-/canvas-mock-1.0.1.tgz",
      "integrity": "sha512-+au+qXfJFLuC1euQuixjbUVll2VOjnBRNP+hjUDWkX8lMmo8LtbfUxgfTbZCNQTCSBvV+9Ms7aha/3Urkz3uUg=="
    },
    "node_modules/playcanvas": {
      "version": "1.52.4",
      "resolved": "https://registry.npmjs.org/playcanvas/-/playcanvas-1.52.4.tgz",
      "integrity": "sha512-QuYruUV8O7SvsxNYOxlSyrscZfvn9/Uw+Xr8QU/sqF3uOCZxRy1TKZbglbEUf79JT6+62yvgl3WxExIpltw4uA=="
    }
  },
  "dependencies": {
    "@playcanvas/canvas-mock": {
      "version": "1.0.1",
      "resolved": "https://registry.npmjs.org/@playcanvas/canvas-mock/-/canvas-mock-1.0.1.tgz",
      "integrity": "sha512-+au+qXfJFLuC1euQuixjbUVll2VOjnBRNP+hjUDWkX8lMmo8LtbfUxgfTbZCNQTCSBvV+9Ms7aha/3Urkz3uUg=="
    },
    "playcanvas": {
      "version": "1.52.4",
      "resolved": "https://registry.npmjs.org/playcanvas/-/playcanvas-1.52.4.tgz",
      "integrity": "sha512-QuYruUV8O7SvsxNYOxlSyrscZfvn9/Uw+Xr8QU/sqF3uOCZxRy1TKZbglbEUf79JT6+62yvgl3WxExIpltw4uA=="
    }
  }
}
